
Microsoft Visual Studio Solution File, Format Version 12.00
# Visual Studio 14
VisualStudioVersion = 14.0.25123.0
MinimumVisualStudioVersion = 10.0.40219.1
Project("{FAE04EC0-301F-11D3-BF4B-00C04F79EFBC}") = "EncodingStringsAndIDisposable", "EncodingStringsAndIDisposable\EncodingStringsAndIDisposable.csproj", "{ED6E73CC-6E35-4F7D-80AD-13B8D33BA9ED}"
EndProject
Global
	GlobalSection(SolutionConfigurationPlatforms) = preSolution
		Debug|Any CPU = Debug|Any CPU
		Release|Any CPU = Release|Any CPU
	EndGlobalSection
	GlobalSection(ProjectConfigurationPlatforms) = postSolution
		{ED6E73CC-6E35-4F7D-80AD-13B8D33BA9ED}.Debug|Any CPU.ActiveCfg = Debug|Any CPU
		{ED6E73CC-6E35-4F7D-80AD-13B8D33BA9ED}.Debug|Any CPU.Build.0 = Debug|Any CPU
		{ED6E73CC-6E35-4F7D-80AD-13B8D33BA9ED}.Release|Any CPU.ActiveCfg = Release|Any CPU
		{ED6E73CC-6E35-4F7D-80AD-13B8D33BA9ED}.Release|Any CPU.Build.0 = Release|Any CPU
	EndGlobalSection
	GlobalSection(SolutionProperties) = preSolution
		HideSolutionNode = FALSE
	EndGlobalSection
EndGlobal
